Microsoft Visual Studio Solution File, Format Version 12.00
# Visual Studio Version 17
VisualStudioVersion = 17.5.2.0
MinimumVisualStudioVersion = 10.0.40219.1
Project("{FAE04EC0-301F-11D3-BF4B-00C04F79EFBC}") = "PDS_EINSTEIN", "PDS_EINSTEIN.csproj", "{5D6982DC-45E1-20D2-2AAE-43AD604F768A}"
EndProject
Global
	GlobalSection(SolutionConfigurationPlatforms) = preSolution
		Debug|Any CPU = Debug|Any CPU
		Release|Any CPU = Release|Any CPU
	EndGlobalSection
	GlobalSection(ProjectConfigurationPlatforms) = postSolution
		{5D6982DC-45E1-20D2-2AAE-43AD604F768A}.Debug|Any CPU.ActiveCfg = Debug|Any CPU
		{5D6982DC-45E1-20D2-2AAE-43AD604F768A}.Debug|Any CPU.Build.0 = Debug|Any CPU
		{5D6982DC-45E1-20D2-2AAE-43AD604F768A}.Release|Any CPU.ActiveCfg = Release|Any CPU
		{5D6982DC-45E1-20D2-2AAE-43AD604F768A}.Release|Any CPU.Build.0 = Release|Any CPU
	EndGlobalSection
	GlobalSection(SolutionProperties) = preSolution
		HideSolutionNode = FALSE
	EndGlobalSection
	GlobalSection(ExtensibilityGlobals) = postSolution
		SolutionGuid = {8DCED009-C58B-4305-897E-56DF3A7CBF41}
	EndGlobalSection
EndGlobal
